// !$*UTF8*$!
{
	archiveVersion = 1;
	classes = {
	};
	objectVersion = 51;
	objects = {

/* Begin PBXBuildFile section */
		5BF870ABFA1879B9EE4FA0B7 /* Pods_cafeNIBM.framework in Frameworks */ = {isa = PBXBuildFile; fileRef = 9E82C2EA8A00A2D9D9B8FC9F /* Pods_cafeNIBM.framework */; };
		FD1C3A1526285E0E00C9F2FF /* InputValidator.swift in Sources */ = {isa = PBXBuildFile; fileRef = FD1C3A1426285E0E00C9F2FF /* InputValidator.swift */; };
		FD1C3A182631703A00C9F2FF /* ProfileViewController.swift in Sources */ = {isa = PBXBuildFile; fileRef = FD1C3A172631703A00C9F2FF /* ProfileViewController.swift */; };
		FD1C3A1B2631834E00C9F2FF /* LaunchViewController.swift in Sources */ = {isa = PBXBuildFile; fileRef = FD1C3A1A2631834E00C9F2FF /* LaunchViewController.swift */; };
		FD1C3A1E2631BF5100C9F2FF /* FoodItemViewController.swift in Sources */ = {isa = PBXBuildFile; fileRef = FD1C3A1D2631BF5100C9F2FF /* FoodItemViewController.swift */; };
		FD1C3A212631F7F700C9F2FF /* CartHandler.swift in Sources */ = {isa = PBXBuildFile; fileRef = FD1C3A202631F7F700C9F2FF /* CartHandler.swift */; };
		FD1C3A242632004A00C9F2FF /* CartViewController.swift in Sources */ = {isa = PBXBuildFile; fileRef = FD1C3A232632004A00C9F2FF /* CartViewController.swift */; };
		FD1C3A27263212A200C9F2FF /* OrderViewController.swift in Sources */ = {isa = PBXBuildFile; fileRef = FD1C3A26263212A200C9F2FF /* OrderViewController.swift */; };
		FD1C3A2B263213C500C9F2FF /* OrderableViewCell.swift in Sources */ = {isa = PBXBuildFile; fileRef = FD1C3A29263213C500C9F2FF /* OrderableViewCell.swift */; };
		FD1C3A2C263213C500C9F2FF /* OrderableViewCell.xib in Resources */ = {isa = PBXBuildFile; fileRef = FD1C3A2A263213C500C9F2FF /* OrderableViewCell.xib */; };
		FDA524802622BAB4000F39BF /* AppDelegate.swift in Sources */ = {isa = PBXBuildFile; fileRef = FDA5247F2622BAB4000F39BF /* AppDelegate.swift */; };
		FDA524822622BAB4000F39BF /* SceneDelegate.swift in Sources */ = {isa = PBXBuildFile; fileRef = FDA524812622BAB4000F39BF /* SceneDelegate.swift */; };
		FDA524842622BAB4000F39BF /* ViewController.swift in Sources */ = {isa = PBXBuildFile; fileRef = FDA524832622BAB4000F39BF /* ViewController.swift */; };
		FDA524872622BAB4000F39BF /* Main.storyboard in Resources */ = {isa = PBXBuildFile; fileRef = FDA524852622BAB4000F39BF /* Main.storyboard */; };
		FDA524892622BAB5000F39BF /* Assets.xcassets in Resources */ = {isa = PBXBuildFile; fileRef = FDA524882622BAB5000F39BF /* Assets.xcassets */; };
		FDA5248C2622BAB5000F39BF /* LaunchScreen.storyboard in Resources */ = {isa = PBXBuildFile; fileRef = FDA5248A2622BAB5000F39BF /* LaunchScreen.storyboard */; };
		FDEE3DBD2622D9AB00EB2810 /* GoogleService-Info.plist in Resources */ = {isa = PBXBuildFile; fileRef = FDEE3DBC2622D9AB00EB2810 /* GoogleService-Info.plist */; };
		FDEE3DC42622E1FA00EB2810 /* SignInViewController.swift in Sources */ = {isa = PBXBuildFile; fileRef = FDEE3DC32622E1FA00EB2810 /* SignInViewController.swift */; };
		FDEE3DC82622E5A400EB2810 /* EntityModel.swift in Sources */ = {isa = PBXBuildFile; fileRef = FDEE3DC72622E5A400EB2810 /* EntityModel.swift */; };
		FDEE3DCB2623F4D200EB2810 /* SignUpViewController.swift in Sources */ = {isa = PBXBuildFile; fileRef = FDEE3DCA2623F4D200EB2810 /* SignUpViewController.swift */; };
		FDEE3DCF2625AD7700EB2810 /* sessionManager.swift in Sources */ = {isa = PBXBuildFile; fileRef = FDEE3DCE2625AD7700EB2810 /* sessionManager.swift */; };
		FDEE3DD32625CD2200EB2810 /* FoodViewController.swift in Sources */ = {isa = PBXBuildFile; fileRef = FDEE3DD22625CD2200EB2810 /* FoodViewController.swift */; };
		FDEE3DE12625E32300EB2810 /* FoodTableViewCell.swift in Sources */ = {isa = PBXBuildFile; fileRef = FDEE3DDF2625E32300EB2810 /* FoodTableViewCell.swift */; };
		FDEE3DE22625E32300EB2810 /* FoodTableViewCell.xib in Resources */ = {isa = PBXBuildFile; fileRef = FDEE3DE02625E32300EB2810 /* FoodTableViewCell.xib */; };
/* End PBXBuildFile section */

/* Begin PBXFileReference section */
		25E7B4534E5029F445A9ED96 /* Pods-cafeNIBM.debug.xcconfig */ = {isa = PBXFileReference; includeInIndex = 1; lastKnownFileType = text.xcconfig; name = "Pods-cafeNIBM.debug.xcconfig"; path = "Target Support Files/Pods-cafeNIBM/Pods-cafeNIBM.debug.xcconfig"; sourceTree = "<group>"; };
		2F8C78B2559ECF14C26424BE /* Pods-cafeNIBM.release.xcconfig */ = {isa = PBXFileReference; includeInIndex = 1; lastKnownFileType = text.xcconfig; name = "Pods-cafeNIBM.release.xcconfig"; path = "Target Support Files/Pods-cafeNIBM/Pods-cafeNIBM.release.xcconfig"; sourceTree = "<group>"; };
		9E82C2EA8A00A2D9D9B8FC9F /* Pods_cafeNIBM.framework */ = {isa = PBXFileReference; explicitFileType = wrapper.framework; includeInIndex = 0; path = Pods_cafeNIBM.framework; sourceTree = BUILT_PRODUCTS_DIR; };
		FD1C3A1426285E0E00C9F2FF /* InputValidator.swift */ = {isa = PBXFileReference; lastKnownFileType = sourcecode.swift; path = InputValidator.swift; sourceTree = "<group>"; };
		FD1C3A172631703A00C9F2FF /* ProfileViewController.swift */ = {isa = PBXFileReference; lastKnownFileType = sourcecode.swift; path = ProfileViewController.swift; sourceTree = "<group>"; };
		FD1C3A1A2631834E00C9F2FF /* LaunchViewController.swift */ = {isa = PBXFileReference; lastKnownFileType = sourcecode.swift; path = LaunchViewController.swift; sourceTree = "<group>"; };
		FD1C3A1D2631BF5100C9F2FF /* FoodItemViewController.swift */ = {isa = PBXFileReference; lastKnownFileType = sourcecode.swift; path = FoodItemViewController.swift; sourceTree = "<group>"; };
		FD1C3A202631F7F700C9F2FF /* CartHandler.swift */ = {isa = PBXFileReference; lastKnownFileType = sourcecode.swift; path = CartHandler.swift; sourceTree = "<group>"; };
		FD1C3A232632004A00C9F2FF /* CartViewController.swift */ = {isa = PBXFileReference; lastKnownFileType = sourcecode.swift; path = CartViewController.swift; sourceTree = "<group>"; };
		FD1C3A26263212A200C9F2FF /* OrderViewController.swift */ = {isa = PBXFileReference; lastKnownFileType = sourcecode.swift; path = OrderViewController.swift; sourceTree = "<group>"; };
		FD1C3A29263213C500C9F2FF /* OrderableViewCell.swift */ = {isa = PBXFileReference; lastKnownFileType = sourcecode.swift; path = OrderableViewCell.swift; sourceTree = "<group>"; };
		FD1C3A2A263213C500C9F2FF /* OrderableViewCell.xib */ = {isa = PBXFileReference; lastKnownFileType = file.xib; path = OrderableViewCell.xib; sourceTree = "<group>"; };
		FDA5247C2622BAB4000F39BF /* cafeNIBM.app */ = {isa = PBXFileReference; explicitFileType = wrapper.application; includeInIndex = 0; path = cafeNIBM.app; sourceTree = BUILT_PRODUCTS_DIR; };
		FDA5247F2622BAB4000F39BF /* AppDelegate.swift */ = {isa = PBXFileReference; lastKnownFileType = sourcecode.swift; path = AppDelegate.swift; sourceTree = "<group>"; };
		FDA524812622BAB4000F39BF /* SceneDelegate.swift */ = {isa = PBXFileReference; lastKnownFileType = sourcecode.swift; path = SceneDelegate.swift; sourceTree = "<group>"; };
		FDA524832622BAB4000F39BF /* ViewController.swift */ = {isa = PBXFileReference; lastKnownFileType = sourcecode.swift; path = ViewController.swift; sourceTree = "<group>"; };
		FDA524862622BAB4000F39BF /* Base */ = {isa = PBXFileReference; lastKnownFileType = file.storyboard; name = Base; path = Base.lproj/Main.storyboard; sourceTree = "<group>"; };
		FDA524882622BAB5000F39BF /* Assets.xcassets */ = {isa = PBXFileReference; lastKnownFileType = folder.assetcatalog; path = Assets.xcassets; sourceTree = "<group>"; };
		FDA5248B2622BAB5000F39BF /* Base */ = {isa = PBXFileReference; lastKnownFileType = file.storyboard; name = Base; path = Base.lproj/LaunchScreen.storyboard; sourceTree = "<group>"; };
		FDA5248D2622BAB5000F39BF /* Info.plist */ = {isa = PBXFileReference; lastKnownFileType = text.plist.xml; path = Info.plist; sourceTree = "<group>"; };
		FDEE3DBC2622D9AB00EB2810 /* GoogleService-Info.plist */ = {isa = PBXFileReference; fileEncoding = 4; lastKnownFileType = text.plist.xml; path = "GoogleService-Info.plist"; sourceTree = "<group>"; };
		FDEE3DC32622E1FA00EB2810 /* SignInViewController.swift */ = {isa = PBXFileReference; lastKnownFileType = sourcecode.swift; path = SignInViewController.swift; sourceTree = "<group>"; };
		FDEE3DC72622E5A400EB2810 /* EntityModel.swift */ = {isa = PBXFileReference; lastKnownFileType = sourcecode.swift; path = EntityModel.swift; sourceTree = "<group>"; };
		FDEE3DCA2623F4D200EB2810 /* SignUpViewController.swift */ = {isa = PBXFileReference; lastKnownFileType = sourcecode.swift; path = SignUpViewController.swift; sourceTree = "<group>"; };
		FDEE3DCE2625AD7700EB2810 /* sessionManager.swift */ = {isa = PBXFileReference; lastKnownFileType = sourcecode.swift; path = sessionManager.swift; sourceTree = "<group>"; };
		FDEE3DD22625CD2200EB2810 /* FoodViewController.swift */ = {isa = PBXFileReference; lastKnownFileType = sourcecode.swift; path = FoodViewController.swift; sourceTree = "<group>"; };
		FDEE3DDF2625E32300EB2810 /* FoodTableViewCell.swift */ = {isa = PBXFileReference; lastKnownFileType = sourcecode.swift; path = FoodTableViewCell.swift; sourceTree = "<group>"; };
		FDEE3DE02625E32300EB2810 /* FoodTableViewCell.xib */ = {isa = PBXFileReference; lastKnownFileType = file.xib; path = FoodTableViewCell.xib; sourceTree = "<group>"; };
/* End PBXFileReference section */

/* Begin PBXFrameworksBuildPhase section */
		FDA524792622BAB4000F39BF /* Frameworks */ = {
			isa = PBXFrameworksBuildPhase;
			buildActionMask = 2147483647;
			files = (
				5BF870ABFA1879B9EE4FA0B7 /* Pods_cafeNIBM.framework in Frameworks */,
			);
			runOnlyForDeploymentPostprocessing = 0;
		};
/* End PBXFrameworksBuildPhase section */

/* Begin PBXGroup section */
		0436F93756C714EFA01F9928 /* Pods */ = {
			isa = PBXGroup;
			children = (
				25E7B4534E5029F445A9ED96 /* Pods-cafeNIBM.debug.xcconfig */,
				2F8C78B2559ECF14C26424BE /* Pods-cafeNIBM.release.xcconfig */,
			);
			path = Pods;
			sourceTree = "<group>";
		};
		3EB50AC19F4125878AAB6EF2 /* Frameworks */ = {
			isa = PBXGroup;
			children = (
				9E82C2EA8A00A2D9D9B8FC9F /* Pods_cafeNIBM.framework */,
			);
			name = Frameworks;
			sourceTree = "<group>";
		};
		FDA524732622BAB4000F39BF = {
			isa = PBXGroup;
			children = (
				FDA5247E2622BAB4000F39BF /* cafeNIBM */,
				FDA5247D2622BAB4000F39BF /* Products */,
				0436F93756C714EFA01F9928 /* Pods */,
				3EB50AC19F4125878AAB6EF2 /* Frameworks */,
			);
			sourceTree = "<group>";
		};
		FDA5247D2622BAB4000F39BF /* Products */ = {
			isa = PBXGroup;
			children = (
				FDA5247C2622BAB4000F39BF /* cafeNIBM.app */,
			);
			name = Products;
			sourceTree = "<group>";
		};
		FDA5247E2622BAB4000F39BF /* cafeNIBM */ = {
			isa = PBXGroup;
			children = (
				FDEE3DDE2625E2EA00EB2810 /* TableViewCell */,
				FDEE3DCD2625AD4400EB2810 /* Util */,
				FDEE3DC22622E16C00EB2810 /* Controller */,
				FDEE3DC12622E16600EB2810 /* Model */,
				FDEE3DC02622E15700EB2810 /* Views */,
				FDA5247F2622BAB4000F39BF /* AppDelegate.swift */,
				FDA524812622BAB4000F39BF /* SceneDelegate.swift */,
				FDA524832622BAB4000F39BF /* ViewController.swift */,
				FDA524882622BAB5000F39BF /* Assets.xcassets */,
				FDA5248A2622BAB5000F39BF /* LaunchScreen.storyboard */,
				FDA5248D2622BAB5000F39BF /* Info.plist */,
				FDEE3DBC2622D9AB00EB2810 /* GoogleService-Info.plist */,
			);
			path = cafeNIBM;
			sourceTree = "<group>";
		};
		FDEE3DC02622E15700EB2810 /* Views */ = {
			isa = PBXGroup;
			children = (
				FDA524852622BAB4000F39BF /* Main.storyboard */,
			);
			path = Views;
			sourceTree = "<group>";
		};
		FDEE3DC12622E16600EB2810 /* Model */ = {
			isa = PBXGroup;
			children = (
				FDEE3DC72622E5A400EB2810 /* EntityModel.swift */,
			);
			path = Model;
			sourceTree = "<group>";
		};
		FDEE3DC22622E16C00EB2810 /* Controller */ = {
			isa = PBXGroup;
			children = (
				FDEE3DC32622E1FA00EB2810 /* SignInViewController.swift */,
				FDEE3DCA2623F4D200EB2810 /* SignUpViewController.swift */,
				FDEE3DD22625CD2200EB2810 /* FoodViewController.swift */,
				FD1C3A172631703A00C9F2FF /* ProfileViewController.swift */,
				FD1C3A1A2631834E00C9F2FF /* LaunchViewController.swift */,
				FD1C3A1D2631BF5100C9F2FF /* FoodItemViewController.swift */,
				FD1C3A232632004A00C9F2FF /* CartViewController.swift */,
				FD1C3A26263212A200C9F2FF /* OrderViewController.swift */,
			);
			path = Controller;
			sourceTree = "<group>";
		};
		FDEE3DCD2625AD4400EB2810 /* Util */ = {
			isa = PBXGroup;
			children = (
				FDEE3DCE2625AD7700EB2810 /* sessionManager.swift */,
				FD1C3A1426285E0E00C9F2FF /* InputValidator.swift */,
				FD1C3A202631F7F700C9F2FF /* CartHandler.swift */,
			);
			path = Util;
			sourceTree = "<group>";
		};
		FDEE3DDE2625E2EA00EB2810 /* TableViewCell */ = {
			isa = PBXGroup;
			children = (
				FDEE3DDF2625E32300EB2810 /* FoodTableViewCell.swift */,
				FDEE3DE02625E32300EB2810 /* FoodTableViewCell.xib */,
				FD1C3A29263213C500C9F2FF /* OrderableViewCell.swift */,
				FD1C3A2A263213C500C9F2FF /* OrderableViewCell.xib */,
			);
			path = TableViewCell;
			sourceTree = "<group>";
		};
/* End PBXGroup section */

/* Begin PBXNativeTarget section */
		FDA5247B2622BAB4000F39BF /* cafeNIBM */ = {
			isa = PBXNativeTarget;
			buildConfigurationList = FDA524902622BAB5000F39BF /* Build configuration list for PBXNativeTarget "cafeNIBM" */;
			buildPhases = (
				B29DB820385EE00D6D1959FB /* [CP] Check Pods Manifest.lock */,
				FDA524782622BAB4000F39BF /* Sources */,
				FDA524792622BAB4000F39BF /* Frameworks */,
				FDA5247A2622BAB4000F39BF /* Resources */,
				1863853F9F72C362A5FDA2B5 /* [CP] Embed Pods Frameworks */,
			);
			buildRules = (
			);
			dependencies = (
			);
			name = cafeNIBM;
			productName = cafeNIBM;
			productReference = FDA5247C2622BAB4000F39BF /* cafeNIBM.app */;
			productType = "com.apple.product-type.application";
		};
/* End PBXNativeTarget section */

/* Begin PBXProject section */
		FDA524742622BAB4000F39BF /* Project object */ = {
			isa = PBXProject;
			attributes = {
				LastSwiftUpdateCheck = 1240;
				LastUpgradeCheck = 1240;
				TargetAttributes = {
					FDA5247B2622BAB4000F39BF = {
						CreatedOnToolsVersion = 12.4;
					};
				};
			};
			buildConfigurationList = FDA524772622BAB4000F39BF /* Build configuration list for PBXProject "cafeNIBM" */;
			compatibilityVersion = "Xcode 9.3";
			developmentRegion = en;
			hasScannedForEncodings = 0;
			knownRegions = (
				en,
				Base,
			);
			mainGroup = FDA524732622BAB4000F39BF;
			productRefGroup = FDA5247D2622BAB4000F39BF /* Products */;
			projectDirPath = "";
			projectRoot = "";
			targets = (
				FDA5247B2622BAB4000F39BF /* cafeNIBM */,
			);
		};
/* End PBXProject section */

/* Begin PBXResourcesBuildPhase section */
		FDA5247A2622BAB4000F39BF /* Resources */ = {
			isa = PBXResourcesBuildPhase;
			buildActionMask = 2147483647;
			files = (
				FDA5248C2622BAB5000F39BF /* LaunchScreen.storyboard in Resources */,
				FDA524892622BAB5000F39BF /* Assets.xcassets in Resources */,
				FDEE3DE22625E32300EB2810 /* FoodTableViewCell.xib in Resources */,
				FD1C3A2C263213C500C9F2FF /* OrderableViewCell.xib in Resources */,
				FDEE3DBD2622D9AB00EB2810 /* GoogleService-Info.plist in Resources */,
				FDA524872622BAB4000F39BF /* Main.storyboard in Resources */,
			);
			runOnlyForDeploymentPostprocessing = 0;
		};
/* End PBXResourcesBuildPhase section */

/* Begin PBXShellScriptBuildPhase section */
		1863853F9F72C362A5FDA2B5 /* [CP] Embed Pods Frameworks */ = {
			isa = PBXShellScriptBuildPhase;
			buildActionMask = 2147483647;
			files = (
			);
			inputFileListPaths = (
				"${PODS_ROOT}/Target Support Files/Pods-cafeNIBM/Pods-cafeNIBM-frameworks-${CONFIGURATION}-input-files.xcfilelist",
			);
			name = "[CP] Embed Pods Frameworks";
			outputFileListPaths = (
				"${PODS_ROOT}/Target Support Files/Pods-cafeNIBM/Pods-cafeNIBM-frameworks-${CONFIGURATION}-output-files.xcfilelist",
			);
			runOnlyForDeploymentPostprocessing = 0;
			shellPath = /bin/sh;
			shellScript = "\"${PODS_ROOT}/Target Support Files/Pods-cafeNIBM/Pods-cafeNIBM-frameworks.sh\"\n";
			showEnvVarsInLog = 0;
		};
		B29DB820385EE00D6D1959FB /* [CP] Check Pods Manifest.lock */ = {
			isa = PBXShellScriptBuildPhase;
			buildActionMask = 2147483647;
			files = (
			);
			inputFileListPaths = (
			);
			inputPaths = (
				"${PODS_PODFILE_DIR_PATH}/Podfile.lock",
				"${PODS_ROOT}/Manifest.lock",
			);
			name = "[CP] Check Pods Manifest.lock";
			outputFileListPaths = (
			);
			outputPaths = (
				"$(DERIVED_FILE_DIR)/Pods-cafeNIBM-checkManifestLockResult.txt",
			);
			runOnlyForDeploymentPostprocessing = 0;
			shellPath = /bin/sh;
			shellScript = "diff \"${PODS_PODFILE_DIR_PATH}/Podfile.lock\" \"${PODS_ROOT}/Manifest.lock\" > /dev/null\nif [ $? != 0 ] ; then\n    # print error to STDERR\n    echo \"error: The sandbox is not in sync with the Podfile.lock. Run 'pod install' or update your CocoaPods installation.\" >&2\n    exit 1\nfi\n# This output is used by Xcode 'outputs' to avoid re-running this script phase.\necho \"SUCCESS\" > \"${SCRIPT_OUTPUT_FILE_0}\"\n";
			showEnvVarsInLog = 0;
		};
/* End PBXShellScriptBuildPhase section */

/* Begin PBXSourcesBuildPhase section */
		FDA524782622BAB4000F39BF /* Sources */ = {
			isa = PBXSourcesBuildPhase;
			buildActionMask = 2147483647;
			files = (
				FDEE3DCB2623F4D200EB2810 /* SignUpViewController.swift in Sources */,
				FDEE3DC82622E5A400EB2810 /* EntityModel.swift in Sources */,
				FD1C3A212631F7F700C9F2FF /* CartHandler.swift in Sources */,
				FDEE3DD32625CD2200EB2810 /* FoodViewController.swift in Sources */,
				FDEE3DCF2625AD7700EB2810 /* sessionManager.swift in Sources */,
				FD1C3A1E2631BF5100C9F2FF /* FoodItemViewController.swift in Sources */,
				FDEE3DC42622E1FA00EB2810 /* SignInViewController.swift in Sources */,
				FD1C3A242632004A00C9F2FF /* CartViewController.swift in Sources */,
				FD1C3A1526285E0E00C9F2FF /* InputValidator.swift in Sources */,
				FD1C3A182631703A00C9F2FF /* ProfileViewController.swift in Sources */,
				FD1C3A1B2631834E00C9F2FF /* LaunchViewController.swift in Sources */,
				FDA524842622BAB4000F39BF /* ViewController.swift in Sources */,
				FDA524802622BAB4000F39BF /* AppDelegate.swift in Sources */,
				FDA524822622BAB4000F39BF /* SceneDelegate.swift in Sources */,
				FD1C3A2B263213C500C9F2FF /* OrderableViewCell.swift in Sources */,
				FDEE3DE12625E32300EB2810 /* FoodTableViewCell.swift in Sources */,
				FD1C3A27263212A200C9F2FF /* OrderViewController.swift in Sources */,
			);
			runOnlyForDeploymentPostprocessing = 0;
		};
/* End PBXSourcesBuildPhase section */

/* Begin PBXVariantGroup section */
		FDA524852622BAB4000F39BF /* Main.storyboard */ = {
			isa = PBXVariantGroup;
			children = (
				FDA524862622BAB4000F39BF /* Base */,
			);
			name = Main.storyboard;
			sourceTree = "<group>";
		};
		FDA5248A2622BAB5000F39BF /* LaunchScreen.storyboard */ = {
			isa = PBXVariantGroup;
			children = (
				FDA5248B2622BAB5000F39BF /* Base */,
			);
			name = LaunchScreen.storyboard;
			sourceTree = "<group>";
		};
/* End PBXVariantGroup section */

/* Begin XCBuildConfiguration section */
		FDA5248E2622BAB5000F39BF /* Debug */ = {
			isa = XCBuildConfiguration;
			buildSettings = {
				ALWAYS_SEARCH_USER_PATHS = NO;
				CLANG_ANALYZER_NONNULL = YES;
				CLANG_ANALYZER_NUMBER_OBJECT_CONVERSION = YES_AGGRESSIVE;
				CLANG_CXX_LANGUAGE_STANDARD = "gnu++14";
				CLANG_CXX_LIBRARY = "libc++";
				CLANG_ENABLE_MODULES = YES;
				CLANG_ENABLE_OBJC_ARC = YES;
				CLANG_ENABLE_OBJC_WEAK = YES;
				CLANG_WARN_BLOCK_CAPTURE_AUTORELEASING = YES;
				CLANG_WARN_BOOL_CONVERSION = YES;
				CLANG_WARN_COMMA = YES;
				CLANG_WARN_CONSTANT_CONVERSION = YES;
				CLANG_WARN_DEPRECATED_OBJC_IMPLEMENTATIONS = YES;
				CLANG_WARN_DIRECT_OBJC_ISA_USAGE = YES_ERROR;
				CLANG_WARN_DOCUMENTATION_COMMENTS = YES;
				CLANG_WARN_EMPTY_BODY = YES;
				CLANG_WARN_ENUM_CONVERSION = YES;
				CLANG_WARN_INFINITE_RECURSION = YES;
				CLANG_WARN_INT_CONVERSION = YES;
				CLANG_WARN_NON_LITERAL_NULL_CONVERSION = YES;
				CLANG_WARN_OBJC_IMPLICIT_RETAIN_SELF = YES;
				CLANG_WARN_OBJC_LITERAL_CONVERSION = YES;
				CLANG_WARN_OBJC_ROOT_CLASS = YES_ERROR;
				CLANG_WARN_QUOTED_INCLUDE_IN_FRAMEWORK_HEADER = YES;
				CLANG_WARN_RANGE_LOOP_ANALYSIS = YES;
				CLANG_WARN_STRICT_PROTOTYPES = YES;
				CLANG_WARN_SUSPICIOUS_MOVE = YES;
				CLANG_WARN_UNGUARDED_AVAILABILITY = YES_AGGRESSIVE;
				CLANG_WARN_UNREACHABLE_CODE = YES;
				CLANG_WARN__DUPLICATE_METHOD_MATCH = YES;
				COPY_PHASE_STRIP = NO;
				DEBUG_INFORMATION_FORMAT = dwarf;
				ENABLE_STRICT_OBJC_MSGSEND = YES;
				ENABLE_TESTABILITY = YES;
				GCC_C_LANGUAGE_STANDARD = gnu11;
				GCC_DYNAMIC_NO_PIC = NO;
				GCC_NO_COMMON_BLOCKS = YES;
				GCC_OPTIMIZATION_LEVEL = 0;
				GCC_PREPROCESSOR_DEFINITIONS = (
					"DEBUG=1",
					"$(inherited)",
				);
				GCC_WARN_64_TO_32_BIT_CONVERSION = YES;
				GCC_WARN_ABOUT_RETURN_TYPE = YES_ERROR;
				GCC_WARN_UNDECLARED_SELECTOR = YES;
				GCC_WARN_UNINITIALIZED_AUTOS = YES_AGGRESSIVE;
				GCC_WARN_UNUSED_FUNCTION = YES;
				GCC_WARN_UNUSED_VARIABLE = YES;
				IPHONEOS_DEPLOYMENT_TARGET = 14.4;
				MTL_ENABLE_DEBUG_INFO = INCLUDE_SOURCE;
				MTL_FAST_MATH = YES;
				ONLY_ACTIVE_ARCH = YES;
				SDKROOT = iphoneos;
				SWIFT_ACTIVE_COMPILATION_CONDITIONS = DEBUG;
				SWIFT_OPTIMIZATION_LEVEL = "-Onone";
			};
			name = Debug;
		};
		FDA5248F2622BAB5000F39BF /* Release */ = {
			isa = XCBuildConfiguration;
			buildSettings = {
				ALWAYS_SEARCH_USER_PATHS = NO;
				CLANG_ANALYZER_NONNULL = YES;
				CLANG_ANALYZER_NUMBER_OBJECT_CONVERSION = YES_AGGRESSIVE;
				CLANG_CXX_LANGUAGE_STANDARD = "gnu++14";
				CLANG_CXX_LIBRARY = "libc++";
				CLANG_ENABLE_MODULES = YES;
				CLANG_ENABLE_OBJC_ARC = YES;
				CLANG_ENABLE_OBJC_WEAK = YES;
				CLANG_WARN_BLOCK_CAPTURE_AUTORELEASING = YES;
				CLANG_WARN_BOOL_CONVERSION = YES;
				CLANG_WARN_COMMA = YES;
				CLANG_WARN_CONSTANT_CONVERSION = YES;
				CLANG_WARN_DEPRECATED_OBJC_IMPLEMENTATIONS = YES;
				CLANG_WARN_DIRECT_OBJC_ISA_USAGE = YES_ERROR;
				CLANG_WARN_DOCUMENTATION_COMMENTS = YES;
				CLANG_WARN_EMPTY_BODY = YES;
				CLANG_WARN_ENUM_CONVERSION = YES;
				CLANG_WARN_INFINITE_RECURSION = YES;
				CLANG_WARN_INT_CONVERSION = YES;
				CLANG_WARN_NON_LITERAL_NULL_CONVERSION = YES;
				CLANG_WARN_OBJC_IMPLICIT_RETAIN_SELF = YES;
				CLANG_WARN_OBJC_LITERAL_CONVERSION = YES;
				CLANG_WARN_OBJC_ROOT_CLASS = YES_ERROR;
				CLANG_WARN_QUOTED_INCLUDE_IN_FRAMEWORK_HEADER = YES;
				CLANG_WARN_RANGE_LOOP_ANALYSIS = YES;
				CLANG_WARN_STRICT_PROTOTYPES = YES;
				CLANG_WARN_SUSPICIOUS_MOVE = YES;
				CLANG_WARN_UNGUARDED_AVAILABILITY = YES_AGGRESSIVE;
				CLANG_WARN_UNREACHABLE_CODE = YES;
				CLANG_WARN__DUPLICATE_METHOD_MATCH = YES;
				COPY_PHASE_STRIP = NO;
				DEBUG_INFORMATION_FORMAT = "dwarf-with-dsym";
				ENABLE_NS_ASSERTIONS = NO;
				ENABLE_STRICT_OBJC_MSGSEND = YES;
				GCC_C_LANGUAGE_STANDARD = gnu11;
				GCC_NO_COMMON_BLOCKS = YES;
				GCC_WARN_64_TO_32_BIT_CONVERSION = YES;
				GCC_WARN_ABOUT_RETURN_TYPE = YES_ERROR;
				GCC_WARN_UNDECLARED_SELECTOR = YES;
				GCC_WARN_UNINITIALIZED_AUTOS = YES_AGGRESSIVE;
				GCC_WARN_UNUSED_FUNCTION = YES;
				GCC_WARN_UNUSED_VARIABLE = YES;
				IPHONEOS_DEPLOYMENT_TARGET = 14.4;
				MTL_ENABLE_DEBUG_INFO = NO;
				MTL_FAST_MATH = YES;
				SDKROOT = iphoneos;
				SWIFT_COMPILATION_MODE = wholemodule;
				SWIFT_OPTIMIZATION_LEVEL = "-O";
				VALIDATE_PRODUCT = YES;
			};
			name = Release;
		};
		FDA524912622BAB5000F39BF /* Debug */ = {
			isa = XCBuildConfiguration;
			baseConfigurationReference = 25E7B4534E5029F445A9ED96 /* Pods-cafeNIBM.debug.xcconfig */;
			buildSettings = {
				ASSETCATALOG_COMPILER_APPICON_NAME = AppIcon;
				ASSETCATALOG_COMPILER_GLOBAL_ACCENT_COLOR_NAME = AccentColor;
				CODE_SIGN_STYLE = Automatic;
				INFOPLIST_FILE = cafeNIBM/Info.plist;
				LD_RUNPATH_SEARCH_PATHS = (
					"$(inherited)",
					"@executable_path/Frameworks",
				);
				PRODUCT_BUNDLE_IDENTIFIER = mynew.cafeNIBM;
				PRODUCT_NAME = "$(TARGET_NAME)";
				SWIFT_VERSION = 5.0;
				TARGETED_DEVICE_FAMILY = "1,2";
			};
			name = Debug;
		};
		FDA524922622BAB5000F39BF /* Release */ = {
			isa = XCBuildConfiguration;
			baseConfigurationReference = 2F8C78B2559ECF14C26424BE /* Pods-cafeNIBM.release.xcconfig */;
			buildSettings = {
				ASSETCATALOG_COMPILER_APPICON_NAME = AppIcon;
				ASSETCATALOG_COMPILER_GLOBAL_ACCENT_COLOR_NAME = AccentColor;
				CODE_SIGN_STYLE = Automatic;
				INFOPLIST_FILE = cafeNIBM/Info.plist;
				LD_RUNPATH_SEARCH_PATHS = (
					"$(inherited)",
					"@executable_path/Frameworks",
				);
				PRODUCT_BUNDLE_IDENTIFIER = mynew.cafeNIBM;
				PRODUCT_NAME = "$(TARGET_NAME)";
				SWIFT_VERSION = 5.0;
				TARGETED_DEVICE_FAMILY = "1,2";
			};
			name = Release;
		};
/* End XCBuildConfiguration section */

/* Begin XCConfigurationList section */
		FDA524772622BAB4000F39BF /* Build configuration list for PBXProject "cafeNIBM" */ = {
			isa = XCConfigurationList;
			buildConfigurations = (
				FDA5248E2622BAB5000F39BF /* Debug */,
				FDA5248F2622BAB5000F39BF /* Release */,
			);
			defaultConfigurationIsVisible = 0;
			defaultConfigurationName = Release;
		};
		FDA524902622BAB5000F39BF /* Build configuration list for PBXNativeTarget "cafeNIBM" */ = {
			isa = XCConfigurationList;
			buildConfigurations = (
				FDA524912622BAB5000F39BF /* Debug */,
				FDA524922622BAB5000F39BF /* Release */,
			);
			defaultConfigurationIsVisible = 0;
			defaultConfigurationName = Release;
		};
/* End XCConfigurationList section */
	};
	rootObject = FDA524742622BAB4000F39BF /* Project object */;
}
